# This file was autogenerated by Stack.
# You should not edit this file by hand.
# For more information, please see the documentation at:
#   https://docs.haskellstack.org/en/stable/lock_files

packages:
- completed:
    hackage: webdriver-w3c-0.0.3@sha256:7bfdd051a934edebfdbc0c7a205e288e5ab85a81f3bed59b0cc5247c473eb191,4439
    pantry-tree:
      size: 2217
      sha256: 912dfaf3c6821659d22859b23a5e633fd0fcafb1190e4f4942543ae85168c693
  original:
    hackage: webdriver-w3c-0.0.3
- completed:
    hackage: script-monad-0.0.4@sha256:a8695fd05e1da772f753eff5b8e032e55e4448c2b084a82a766f96238fc83f2a,2357
    pantry-tree:
      size: 1264
      sha256: 84bb54cc403a95f9b4e6a80d3ea4feabb571bacc6e505c74dd2fe99ece72e3f9
  original:
    hackage: script-monad-0.0.4
snapshots:
- completed:
    size: 619200
    url: https://raw.githubusercontent.com/commercialhaskell/stackage-snapshots/master/lts/19/30.yaml
    sha256: 9a74d76d250a455d9cd11e74f157e087787fa9aa3c4264e69c94703d1e71aede
  original: lts-19.30
